
Microsoft Visual Studio Solution File, Format Version 12.00
# Visual Studio 2013
VisualStudioVersion = 12.0.20617.1 PREVIEW
MinimumVisualStudioVersion = 10.0.40219.1
Project("{FAE04EC0-301F-11D3-BF4B-00C04F79EFBC}") = "TerrainEditor", "TerrainEditor\TerrainEditor.csproj", "{BDF52D1F-2F78-4021-B611-96A5AC4EED87}"
EndProject
Global
	GlobalSection(SolutionConfigurationPlatforms) = preSolution
		Debug|Any CPU = Debug|Any CPU
		Release|Any CPU = Release|Any CPU
	EndGlobalSection
	GlobalSection(ProjectConfigurationPlatforms) = postSolution
		{BDF52D1F-2F78-4021-B611-96A5AC4EED87}.Debug|Any CPU.ActiveCfg = Debug|Any CPU
		{BDF52D1F-2F78-4021-B611-96A5AC4EED87}.Debug|Any CPU.Build.0 = Debug|Any CPU
		{BDF52D1F-2F78-4021-B611-96A5AC4EED87}.Release|Any CPU.ActiveCfg = Release|Any CPU
		{BDF52D1F-2F78-4021-B611-96A5AC4EED87}.Release|Any CPU.Build.0 = Release|Any CPU
	EndGlobalSection
	GlobalSection(SolutionProperties) = preSolution
		HideSolutionNode = FALSE
	EndGlobalSection
EndGlobal
